{
  "name": "@oat-sa/tao-qti-item",
  "version": "0.3.3",
  "lockfileVersion": 1,
  "requires": true,
  "dependencies": {
    "@oat-sa/tao-item-runner": {
      "version": "0.6.1",
      "resolved": "https://registry.npmjs.org/@oat-sa/tao-item-runner/-/tao-item-runner-0.6.1.tgz",
      "integrity": "sha512-+7l2uG0+6idJoxUZTojRLmZQvMgC0Z5BpIoWfbvgdM2Z/TiPHFk8PoLfn7VAOfkHl0CFTmgjHDI8N6Up5s0DGg=="
    },
    "@oat-sa/tao-item-runner-qti": {
      "version": "0.17.0",
      "resolved": "https://registry.npmjs.org/@oat-sa/tao-item-runner-qti/-/tao-item-runner-qti-0.17.0.tgz",
      "integrity": "sha512-L3ZOIPxuV/Ab/Ykzp+R0hRmVKV+TC1NRYAjNyMCXAEuhl45NfKhNcBoEXZHH1iY6amfNl2x2IjVFtzsjC3jSMg=="
    }
  }
}
