{
  "name": "@oat-sa/tao-qti-item",
  "version": "0.1.0",
  "lockfileVersion": 1,
  "requires": true,
  "dependencies": {
    "@oat-sa/tao-item-runner": {
      "version": "0.3.1",
      "resolved": "https://registry.npmjs.org/@oat-sa/tao-item-runner/-/tao-item-runner-0.3.1.tgz",
      "integrity": "sha512-HdrzR5+ZPjvhy0rqyyqdYGNzuJsPM9HDcKRd2Awal65iXKwb2tR5cdI7x3B2WMQJhYkRPz5vuzOpfKML2ypFTA=="
    },
    "@oat-sa/tao-item-runner-qti": {
      "version": "0.4.0",
      "resolved": "https://registry.npmjs.org/@oat-sa/tao-item-runner-qti/-/tao-item-runner-qti-0.4.0.tgz",
      "integrity": "sha512-6aRpQ34+d49G6gjPLUw+C5RCA9150x3qZ04X9sSEkiVDB6K6DBxqtwMJFAqn3UGruCijJO2rujr1FFM1Fajw0g=="
    }
  }
}
