{
    "name": "@oat-sa/tao-qti-item",
    "version": "0.4.1",
    "lockfileVersion": 3,
    "requires": true,
    "packages": {
        "": {
            "name": "@oat-sa/tao-qti-item",
            "version": "0.4.1",
            "license": "GPL-2.0",
            "dependencies": {
                "@oat-sa/tao-item-runner": "^1.0.0",
                "@oat-sa/tao-item-runner-qti": "github:oat-sa/tao-item-runner-qti-fe#ff4e16d5e3c6deaf8b1307a34be2ee602796cd58"
            }
        },
        "node_modules/@oat-sa/tao-item-runner": {
            "version": "1.0.0",
            "resolved": "https://registry.npmjs.org/@oat-sa/tao-item-runner/-/tao-item-runner-1.0.0.tgz",
            "integrity": "sha512-wSDlxrzIceNdss6STX0e9Lpz095NuoqaluqOQ/r/CpNLo+6K9HgvWSDNLgjFsgb96FdyCiGDeUz7OaMgg3gakQ==",
            "license": "GPL-2.0"
        },
        "node_modules/@oat-sa/tao-item-runner-qti": {
            "version": "2.11.2",
            "resolved": "git+ssh://git@github.com/oat-sa/tao-item-runner-qti-fe.git#ff4e16d5e3c6deaf8b1307a34be2ee602796cd58",
            "integrity": "sha512-UnFJUBg2qMGM79+JMmpvfOHO5XvhtB2J2M35SKrUNT0Lg7D4JvP+L6EHdw+w/jZDsAvw1MtOkiSyZrLzvDguPA==",
            "license": "GPL-2.0"
        }
    }
}
